// !$*UTF8*$!
{
	archiveVersion = 1;
	classes = {
	};
	objectVersion = 46;
	objects = {

/* Begin PBXBuildFile section */
		EF552B4B18A6A991007A3822 /* PanoramicURLS.txt in Resources */ = {isa = PBXBuildFile; fileRef = EF552B4A18A6A990007A3822 /* PanoramicURLS.txt */; };
		EFE7ED5018A6850D00568AC2 /* Foundation.framework in Frameworks */ = {isa = PBXBuildFile; fileRef = EFE7ED4F18A6850D00568AC2 /* Foundation.framework */; };
		EFE7ED5218A6850D00568AC2 /* CoreGraphics.framework in Frameworks */ = {isa = PBXBuildFile; fileRef = EFE7ED5118A6850D00568AC2 /* CoreGraphics.framework */; };
		EFE7ED5418A6850D00568AC2 /* UIKit.framework in Frameworks */ = {isa = PBXBuildFile; fileRef = EFE7ED5318A6850D00568AC2 /* UIKit.framework */; };
		EFE7ED5A18A6850E00568AC2 /* InfoPlist.strings in Resources */ = {isa = PBXBuildFile; fileRef = EFE7ED5818A6850E00568AC2 /* InfoPlist.strings */; };
		EFE7ED5C18A6850E00568AC2 /* main.m in Sources */ = {isa = PBXBuildFile; fileRef = EFE7ED5B18A6850E00568AC2 /* main.m */; };
		EFE7ED6018A6850E00568AC2 /* spaarksAppDelegate.m in Sources */ = {isa = PBXBuildFile; fileRef = EFE7ED5F18A6850E00568AC2 /* spaarksAppDelegate.m */; };
		EFE7ED6318A6850E00568AC2 /* Main_iPhone.storyboard in Resources */ = {isa = PBXBuildFile; fileRef = EFE7ED6118A6850E00568AC2 /* Main_iPhone.storyboard */; };
		EFE7ED6618A6850E00568AC2 /* Main_iPad.storyboard in Resources */ = {isa = PBXBuildFile; fileRef = EFE7ED6418A6850E00568AC2 /* Main_iPad.storyboard */; };
		EFE7ED6918A6850E00568AC2 /* spaarksMasterViewController.m in Sources */ = {isa = PBXBuildFile; fileRef = EFE7ED6818A6850E00568AC2 /* spaarksMasterViewController.m */; };
		EFE7ED6C18A6850E00568AC2 /* spaarksDetailViewController.m in Sources */ = {isa = PBXBuildFile; fileRef = EFE7ED6B18A6850E00568AC2 /* spaarksDetailViewController.m */; };
		EFE7ED6E18A6850E00568AC2 /* Images.xcassets in Resources */ = {isa = PBXBuildFile; fileRef = EFE7ED6D18A6850E00568AC2 /* Images.xcassets */; };
		EFE7ED7518A6850E00568AC2 /* XCTest.framework in Frameworks */ = {isa = PBXBuildFile; fileRef = EFE7ED7418A6850E00568AC2 /* XCTest.framework */; };
		EFE7ED7618A6850E00568AC2 /* Foundation.framework in Frameworks */ = {isa = PBXBuildFile; fileRef = EFE7ED4F18A6850D00568AC2 /* Foundation.framework */; };
		EFE7ED7718A6850E00568AC2 /* UIKit.framework in Frameworks */ = {isa = PBXBuildFile; fileRef = EFE7ED5318A6850D00568AC2 /* UIKit.framework */; };
		EFE7ED7F18A6850E00568AC2 /* InfoPlist.strings in Resources */ = {isa = PBXBuildFile; fileRef = EFE7ED7D18A6850E00568AC2 /* InfoPlist.strings */; };
		EFE7ED8118A6850E00568AC2 /* LanghamTests.m in Sources */ = {isa = PBXBuildFile; fileRef = EFE7ED8018A6850E00568AC2 /* LanghamTests.m */; };
		EFE7ED8C18A6885B00568AC2 /* Helpers.m in Sources */ = {isa = PBXBuildFile; fileRef = EFE7ED8B18A6885B00568AC2 /* Helpers.m */; };
		EFE7ED8E18A689A600568AC2 /* MenuItems.txt in Resources */ = {isa = PBXBuildFile; fileRef = EFE7ED8D18A689A600568AC2 /* MenuItems.txt */; };
		EFE7ED9118A68DCB00568AC2 /* SenTestingKit.framework in Frameworks */ = {isa = PBXBuildFile; fileRef = EFE7ED9018A68DCB00568AC2 /* SenTestingKit.framework */; };
/* End PBXBuildFile section */

/* Begin PBXContainerItemProxy section */
		EFE7ED7818A6850E00568AC2 /* PBXContainerItemProxy */ = {
			isa = PBXContainerItemProxy;
			containerPortal = EFE7ED4418A6850D00568AC2 /* Project object */;
			proxyType = 1;
			remoteGlobalIDString = EFE7ED4B18A6850D00568AC2;
			remoteInfo = Langham;
		};
/* End PBXContainerItemProxy section */

/* Begin PBXFileReference section */
		EF552B4A18A6A990007A3822 /* PanoramicURLS.txt */ = {isa = PBXFileReference; fileEncoding = 4; lastKnownFileType = text; path = PanoramicURLS.txt; sourceTree = "<group>"; };
		EFE7ED4C18A6850D00568AC2 /* Langham.app */ = {isa = PBXFileReference; explicitFileType = wrapper.application; includeInIndex = 0; path = Langham.app; sourceTree = BUILT_PRODUCTS_DIR; };
		EFE7ED4F18A6850D00568AC2 /* Foundation.framework */ = {isa = PBXFileReference; lastKnownFileType = wrapper.framework; name = Foundation.framework; path = System/Library/Frameworks/Foundation.framework; sourceTree = SDKROOT; };
		EFE7ED5118A6850D00568AC2 /* CoreGraphics.framework */ = {isa = PBXFileReference; lastKnownFileType = wrapper.framework; name = CoreGraphics.framework; path = System/Library/Frameworks/CoreGraphics.framework; sourceTree = SDKROOT; };
		EFE7ED5318A6850D00568AC2 /* UIKit.framework */ = {isa = PBXFileReference; lastKnownFileType = wrapper.framework; name = UIKit.framework; path = System/Library/Frameworks/UIKit.framework; sourceTree = SDKROOT; };
		EFE7ED5718A6850E00568AC2 /* Langham-Info.plist */ = {isa = PBXFileReference; lastKnownFileType = text.plist.xml; path = "Langham-Info.plist"; sourceTree = "<group>"; };
		EFE7ED5918A6850E00568AC2 /* en */ = {isa = PBXFileReference; lastKnownFileType = text.plist.strings; name = en; path = en.lproj/InfoPlist.strings; sourceTree = "<group>"; };
		EFE7ED5B18A6850E00568AC2 /* main.m */ = {isa = PBXFileReference; lastKnownFileType = sourcecode.c.objc; path = main.m; sourceTree = "<group>"; };
		EFE7ED5D18A6850E00568AC2 /* Langham-Prefix.pch */ = {isa = PBXFileReference; lastKnownFileType = sourcecode.c.h; path = "Langham-Prefix.pch"; sourceTree = "<group>"; };
		EFE7ED5E18A6850E00568AC2 /* spaarksAppDelegate.h */ = {isa = PBXFileReference; lastKnownFileType = sourcecode.c.h; path = spaarksAppDelegate.h; sourceTree = "<group>"; };
		EFE7ED5F18A6850E00568AC2 /* spaarksAppDelegate.m */ = {isa = PBXFileReference; lastKnownFileType = sourcecode.c.objc; path = spaarksAppDelegate.m; sourceTree = "<group>"; };
		EFE7ED6218A6850E00568AC2 /* Base */ = {isa = PBXFileReference; lastKnownFileType = file.storyboard; name = Base; path = Base.lproj/Main_iPhone.storyboard; sourceTree = "<group>"; };
		EFE7ED6518A6850E00568AC2 /* Base */ = {isa = PBXFileReference; lastKnownFileType = file.storyboard; name = Base; path = Base.lproj/Main_iPad.storyboard; sourceTree = "<group>"; };
		EFE7ED6718A6850E00568AC2 /* spaarksMasterViewController.h */ = {isa = PBXFileReference; lastKnownFileType = sourcecode.c.h; path = spaarksMasterViewController.h; sourceTree = "<group>"; };
		EFE7ED6818A6850E00568AC2 /* spaarksMasterViewController.m */ = {isa = PBXFileReference; lastKnownFileType = sourcecode.c.objc; path = spaarksMasterViewController.m; sourceTree = "<group>"; };
		EFE7ED6A18A6850E00568AC2 /* spaarksDetailViewController.h */ = {isa = PBXFileReference; lastKnownFileType = sourcecode.c.h; path = spaarksDetailViewController.h; sourceTree = "<group>"; };
		EFE7ED6B18A6850E00568AC2 /* spaarksDetailViewController.m */ = {isa = PBXFileReference; lastKnownFileType = sourcecode.c.objc; path = spaarksDetailViewController.m; sourceTree = "<group>"; };
		EFE7ED6D18A6850E00568AC2 /* Images.xcassets */ = {isa = PBXFileReference; lastKnownFileType = folder.assetcatalog; path = Images.xcassets; sourceTree = "<group>"; };
		EFE7ED7318A6850E00568AC2 /* LanghamTests.xctest */ = {isa = PBXFileReference; explicitFileType = wrapper.cfbundle; includeInIndex = 0; path = LanghamTests.xctest; sourceTree = BUILT_PRODUCTS_DIR; };
		EFE7ED7418A6850E00568AC2 /* XCTest.framework */ = {isa = PBXFileReference; lastKnownFileType = wrapper.framework; name = XCTest.framework; path = Library/Frameworks/XCTest.framework; sourceTree = DEVELOPER_DIR; };
		EFE7ED7C18A6850E00568AC2 /* LanghamTests-Info.plist */ = {isa = PBXFileReference; lastKnownFileType = text.plist.xml; path = "LanghamTests-Info.plist"; sourceTree = "<group>"; };
		EFE7ED7E18A6850E00568AC2 /* en */ = {isa = PBXFileReference; lastKnownFileType = text.plist.strings; name = en; path = en.lproj/InfoPlist.strings; sourceTree = "<group>"; };
		EFE7ED8018A6850E00568AC2 /* LanghamTests.m */ = {isa = PBXFileReference; lastKnownFileType = sourcecode.c.objc; path = LanghamTests.m; sourceTree = "<group>"; };
		EFE7ED8A18A6885B00568AC2 /* Helpers.h */ = {isa = PBXFileReference; fileEncoding = 4; lastKnownFileType = sourcecode.c.h; path = Helpers.h; sourceTree = "<group>"; };
		EFE7ED8B18A6885B00568AC2 /* Helpers.m */ = {isa = PBXFileReference; fileEncoding = 4; lastKnownFileType = sourcecode.c.objc; path = Helpers.m; sourceTree = "<group>"; };
		EFE7ED8D18A689A600568AC2 /* MenuItems.txt */ = {isa = PBXFileReference; fileEncoding = 4; lastKnownFileType = text; path = MenuItems.txt; sourceTree = "<group>"; };
		EFE7ED8F18A68C8000568AC2 /* LanghamTests.h */ = {isa = PBXFileReference; lastKnownFileType = sourcecode.c.h; path = LanghamTests.h; sourceTree = "<group>"; };
		EFE7ED9018A68DCB00568AC2 /* SenTestingKit.framework */ = {isa = PBXFileReference; lastKnownFileType = wrapper.framework; name = SenTestingKit.framework; path = Library/Frameworks/SenTestingKit.framework; sourceTree = DEVELOPER_DIR; };
/* End PBXFileReference section */

/* Begin PBXFrameworksBuildPhase section */
		EFE7ED4918A6850D00568AC2 /* Frameworks */ = {
			isa = PBXFrameworksBuildPhase;
			buildActionMask = 2147483647;
			files = (
				EFE7ED9118A68DCB00568AC2 /* SenTestingKit.framework in Frameworks */,
				EFE7ED5218A6850D00568AC2 /* CoreGraphics.framework in Frameworks */,
				EFE7ED5418A6850D00568AC2 /* UIKit.framework in Frameworks */,
				EFE7ED5018A6850D00568AC2 /* Foundation.framework in Frameworks */,
			);
			runOnlyForDeploymentPostprocessing = 0;
		};
		EFE7ED7018A6850E00568AC2 /* Frameworks */ = {
			isa = PBXFrameworksBuildPhase;
			buildActionMask = 2147483647;
			files = (
				EFE7ED7518A6850E00568AC2 /* XCTest.framework in Frameworks */,
				EFE7ED7718A6850E00568AC2 /* UIKit.framework in Frameworks */,
				EFE7ED7618A6850E00568AC2 /* Foundation.framework in Frameworks */,
			);
			runOnlyForDeploymentPostprocessing = 0;
		};
/* End PBXFrameworksBuildPhase section */

/* Begin PBXGroup section */
		EFE7ED4318A6850D00568AC2 = {
			isa = PBXGroup;
			children = (
				EFE7ED5518A6850D00568AC2 /* Langham */,
				EFE7ED7A18A6850E00568AC2 /* LanghamTests */,
				EFE7ED4E18A6850D00568AC2 /* Frameworks */,
				EFE7ED4D18A6850D00568AC2 /* Products */,
			);
			sourceTree = "<group>";
		};
		EFE7ED4D18A6850D00568AC2 /* Products */ = {
			isa = PBXGroup;
			children = (
				EFE7ED4C18A6850D00568AC2 /* Langham.app */,
				EFE7ED7318A6850E00568AC2 /* LanghamTests.xctest */,
			);
			name = Products;
			sourceTree = "<group>";
		};
		EFE7ED4E18A6850D00568AC2 /* Frameworks */ = {
			isa = PBXGroup;
			children = (
				EFE7ED9018A68DCB00568AC2 /* SenTestingKit.framework */,
				EFE7ED4F18A6850D00568AC2 /* Foundation.framework */,
				EFE7ED5118A6850D00568AC2 /* CoreGraphics.framework */,
				EFE7ED5318A6850D00568AC2 /* UIKit.framework */,
				EFE7ED7418A6850E00568AC2 /* XCTest.framework */,
			);
			name = Frameworks;
			sourceTree = "<group>";
		};
		EFE7ED5518A6850D00568AC2 /* Langham */ = {
			isa = PBXGroup;
			children = (
				EFE7ED8A18A6885B00568AC2 /* Helpers.h */,
				EFE7ED8B18A6885B00568AC2 /* Helpers.m */,
				EFE7ED5E18A6850E00568AC2 /* spaarksAppDelegate.h */,
				EFE7ED5F18A6850E00568AC2 /* spaarksAppDelegate.m */,
				EFE7ED6118A6850E00568AC2 /* Main_iPhone.storyboard */,
				EFE7ED6418A6850E00568AC2 /* Main_iPad.storyboard */,
				EFE7ED6718A6850E00568AC2 /* spaarksMasterViewController.h */,
				EFE7ED6818A6850E00568AC2 /* spaarksMasterViewController.m */,
				EFE7ED6A18A6850E00568AC2 /* spaarksDetailViewController.h */,
				EFE7ED6B18A6850E00568AC2 /* spaarksDetailViewController.m */,
				EFE7ED6D18A6850E00568AC2 /* Images.xcassets */,
				EFE7ED5618A6850E00568AC2 /* Supporting Files */,
			);
			path = Langham;
			sourceTree = "<group>";
		};
		EFE7ED5618A6850E00568AC2 /* Supporting Files */ = {
			isa = PBXGroup;
			children = (
				EFE7ED5718A6850E00568AC2 /* Langham-Info.plist */,
				EFE7ED5818A6850E00568AC2 /* InfoPlist.strings */,
				EFE7ED5B18A6850E00568AC2 /* main.m */,
				EFE7ED5D18A6850E00568AC2 /* Langham-Prefix.pch */,
				EFE7ED8D18A689A600568AC2 /* MenuItems.txt */,
				EF552B4A18A6A990007A3822 /* PanoramicURLS.txt */,
			);
			name = "Supporting Files";
			sourceTree = "<group>";
		};
		EFE7ED7A18A6850E00568AC2 /* LanghamTests */ = {
			isa = PBXGroup;
			children = (
				EFE7ED8F18A68C8000568AC2 /* LanghamTests.h */,
				EFE7ED8018A6850E00568AC2 /* LanghamTests.m */,
				EFE7ED7B18A6850E00568AC2 /* Supporting Files */,
			);
			path = LanghamTests;
			sourceTree = "<group>";
		};
		EFE7ED7B18A6850E00568AC2 /* Supporting Files */ = {
			isa = PBXGroup;
			children = (
				EFE7ED7C18A6850E00568AC2 /* LanghamTests-Info.plist */,
				EFE7ED7D18A6850E00568AC2 /* InfoPlist.strings */,
			);
			name = "Supporting Files";
			sourceTree = "<group>";
		};
/* End PBXGroup section */

/* Begin PBXNativeTarget section */
		EFE7ED4B18A6850D00568AC2 /* Langham */ = {
			isa = PBXNativeTarget;
			buildConfigurationList = EFE7ED8418A6850E00568AC2 /* Build configuration list for PBXNativeTarget "Langham" */;
			buildPhases = (
				EFE7ED4818A6850D00568AC2 /* Sources */,
				EFE7ED4918A6850D00568AC2 /* Frameworks */,
				EFE7ED4A18A6850D00568AC2 /* Resources */,
			);
			buildRules = (
			);
			dependencies = (
			);
			name = Langham;
			productName = Langham;
			productReference = EFE7ED4C18A6850D00568AC2 /* Langham.app */;
			productType = "com.apple.product-type.application";
		};
		EFE7ED7218A6850E00568AC2 /* LanghamTests */ = {
			isa = PBXNativeTarget;
			buildConfigurationList = EFE7ED8718A6850E00568AC2 /* Build configuration list for PBXNativeTarget "LanghamTests" */;
			buildPhases = (
				EFE7ED6F18A6850E00568AC2 /* Sources */,
				EFE7ED7018A6850E00568AC2 /* Frameworks */,
				EFE7ED7118A6850E00568AC2 /* Resources */,
			);
			buildRules = (
			);
			dependencies = (
				EFE7ED7918A6850E00568AC2 /* PBXTargetDependency */,
			);
			name = LanghamTests;
			productName = LanghamTests;
			productReference = EFE7ED7318A6850E00568AC2 /* LanghamTests.xctest */;
			productType = "com.apple.product-type.bundle.unit-test";
		};
/* End PBXNativeTarget section */

/* Begin PBXProject section */
		EFE7ED4418A6850D00568AC2 /* Project object */ = {
			isa = PBXProject;
			attributes = {
				CLASSPREFIX = spaarks;
				LastUpgradeCheck = 0500;
				ORGANIZATIONNAME = "martin steel";
				TargetAttributes = {
					EFE7ED7218A6850E00568AC2 = {
						TestTargetID = EFE7ED4B18A6850D00568AC2;
					};
				};
			};
			buildConfigurationList = EFE7ED4718A6850D00568AC2 /* Build configuration list for PBXProject "Langham" */;
			compatibilityVersion = "Xcode 3.2";
			developmentRegion = English;
			hasScannedForEncodings = 0;
			knownRegions = (
				en,
				Base,
			);
			mainGroup = EFE7ED4318A6850D00568AC2;
			productRefGroup = EFE7ED4D18A6850D00568AC2 /* Products */;
			projectDirPath = "";
			projectRoot = "";
			targets = (
				EFE7ED4B18A6850D00568AC2 /* Langham */,
				EFE7ED7218A6850E00568AC2 /* LanghamTests */,
			);
		};
/* End PBXProject section */

/* Begin PBXResourcesBuildPhase section */
		EFE7ED4A18A6850D00568AC2 /* Resources */ = {
			isa = PBXResourcesBuildPhase;
			buildActionMask = 2147483647;
			files = (
				EFE7ED8E18A689A600568AC2 /* MenuItems.txt in Resources */,
				EF552B4B18A6A991007A3822 /* PanoramicURLS.txt in Resources */,
				EFE7ED6618A6850E00568AC2 /* Main_iPad.storyboard in Resources */,
				EFE7ED6E18A6850E00568AC2 /* Images.xcassets in Resources */,
				EFE7ED6318A6850E00568AC2 /* Main_iPhone.storyboard in Resources */,
				EFE7ED5A18A6850E00568AC2 /* InfoPlist.strings in Resources */,
			);
			runOnlyForDeploymentPostprocessing = 0;
		};
		EFE7ED7118A6850E00568AC2 /* Resources */ = {
			isa = PBXResourcesBuildPhase;
			buildActionMask = 2147483647;
			files = (
				EFE7ED7F18A6850E00568AC2 /* InfoPlist.strings in Resources */,
			);
			runOnlyForDeploymentPostprocessing = 0;
		};
/* End PBXResourcesBuildPhase section */

/* Begin PBXSourcesBuildPhase section */
		EFE7ED4818A6850D00568AC2 /* Sources */ = {
			isa = PBXSourcesBuildPhase;
			buildActionMask = 2147483647;
			files = (
				EFE7ED6018A6850E00568AC2 /* spaarksAppDelegate.m in Sources */,
				EFE7ED5C18A6850E00568AC2 /* main.m in Sources */,
				EFE7ED8C18A6885B00568AC2 /* Helpers.m in Sources */,
				EFE7ED6918A6850E00568AC2 /* spaarksMasterViewController.m in Sources */,
				EFE7ED6C18A6850E00568AC2 /* spaarksDetailViewController.m in Sources */,
			);
			runOnlyForDeploymentPostprocessing = 0;
		};
		EFE7ED6F18A6850E00568AC2 /* Sources */ = {
			isa = PBXSourcesBuildPhase;
			buildActionMask = 2147483647;
			files = (
				EFE7ED8118A6850E00568AC2 /* LanghamTests.m in Sources */,
			);
			runOnlyForDeploymentPostprocessing = 0;
		};
/* End PBXSourcesBuildPhase section */

/* Begin PBXTargetDependency section */
		EFE7ED7918A6850E00568AC2 /* PBXTargetDependency */ = {
			isa = PBXTargetDependency;
			target = EFE7ED4B18A6850D00568AC2 /* Langham */;
			targetProxy = EFE7ED7818A6850E00568AC2 /* PBXContainerItemProxy */;
		};
/* End PBXTargetDependency section */

/* Begin PBXVariantGroup section */
		EFE7ED5818A6850E00568AC2 /* InfoPlist.strings */ = {
			isa = PBXVariantGroup;
			children = (
				EFE7ED5918A6850E00568AC2 /* en */,
			);
			name = InfoPlist.strings;
			sourceTree = "<group>";
		};
		EFE7ED6118A6850E00568AC2 /* Main_iPhone.storyboard */ = {
			isa = PBXVariantGroup;
			children = (
				EFE7ED6218A6850E00568AC2 /* Base */,
			);
			name = Main_iPhone.storyboard;
			sourceTree = "<group>";
		};
		EFE7ED6418A6850E00568AC2 /* Main_iPad.storyboard */ = {
			isa = PBXVariantGroup;
			children = (
				EFE7ED6518A6850E00568AC2 /* Base */,
			);
			name = Main_iPad.storyboard;
			sourceTree = "<group>";
		};
		EFE7ED7D18A6850E00568AC2 /* InfoPlist.strings */ = {
			isa = PBXVariantGroup;
			children = (
				EFE7ED7E18A6850E00568AC2 /* en */,
			);
			name = InfoPlist.strings;
			sourceTree = "<group>";
		};
/* End PBXVariantGroup section */

/* Begin XCBuildConfiguration section */
		EFE7ED8218A6850E00568AC2 /* Debug */ = {
			isa = XCBuildConfiguration;
			buildSettings = {
				ALWAYS_SEARCH_USER_PATHS = NO;
				ARCHS = "$(ARCHS_STANDARD_INCLUDING_64_BIT)";
				CLANG_CXX_LANGUAGE_STANDARD = "gnu++0x";
				CLANG_CXX_LIBRARY = "libc++";
				CLANG_ENABLE_MODULES = YES;
				CLANG_ENABLE_OBJC_ARC = YES;
				CLANG_WARN_BOOL_CONVERSION = YES;
				CLANG_WARN_CONSTANT_CONVERSION = YES;
				CLANG_WARN_DIRECT_OBJC_ISA_USAGE = YES_ERROR;
				CLANG_WARN_EMPTY_BODY = YES;
				CLANG_WARN_ENUM_CONVERSION = YES;
				CLANG_WARN_INT_CONVERSION = YES;
				CLANG_WARN_OBJC_ROOT_CLASS = YES_ERROR;
				CLANG_WARN__DUPLICATE_METHOD_MATCH = YES;
				"CODE_SIGN_IDENTITY[sdk=iphoneos*]" = "iPhone Developer";
				COPY_PHASE_STRIP = NO;
				GCC_C_LANGUAGE_STANDARD = gnu99;
				GCC_DYNAMIC_NO_PIC = NO;
				GCC_OPTIMIZATION_LEVEL = 0;
				GCC_PREPROCESSOR_DEFINITIONS = (
					"DEBUG=1",
					"$(inherited)",
				);
				GCC_SYMBOLS_PRIVATE_EXTERN = NO;
				GCC_WARN_64_TO_32_BIT_CONVERSION = YES;
				GCC_WARN_ABOUT_RETURN_TYPE = YES_ERROR;
				GCC_WARN_UNDECLARED_SELECTOR = YES;
				GCC_WARN_UNINITIALIZED_AUTOS = YES;
				GCC_WARN_UNUSED_FUNCTION = YES;
				GCC_WARN_UNUSED_VARIABLE = YES;
				IPHONEOS_DEPLOYMENT_TARGET = 7.0;
				ONLY_ACTIVE_ARCH = YES;
				SDKROOT = iphoneos;
				TARGETED_DEVICE_FAMILY = "1,2";
			};
			name = Debug;
		};
		EFE7ED8318A6850E00568AC2 /* Release */ = {
			isa = XCBuildConfiguration;
			buildSettings = {
				ALWAYS_SEARCH_USER_PATHS = NO;
				ARCHS = "$(ARCHS_STANDARD_INCLUDING_64_BIT)";
				CLANG_CXX_LANGUAGE_STANDARD = "gnu++0x";
				CLANG_CXX_LIBRARY = "libc++";
				CLANG_ENABLE_MODULES = YES;
				CLANG_ENABLE_OBJC_ARC = YES;
				CLANG_WARN_BOOL_CONVERSION = YES;
				CLANG_WARN_CONSTANT_CONVERSION = YES;
				CLANG_WARN_DIRECT_OBJC_ISA_USAGE = YES_ERROR;
				CLANG_WARN_EMPTY_BODY = YES;
				CLANG_WARN_ENUM_CONVERSION = YES;
				CLANG_WARN_INT_CONVERSION = YES;
				CLANG_WARN_OBJC_ROOT_CLASS = YES_ERROR;
				CLANG_WARN__DUPLICATE_METHOD_MATCH = YES;
				"CODE_SIGN_IDENTITY[sdk=iphoneos*]" = "iPhone Developer";
				COPY_PHASE_STRIP = YES;
				ENABLE_NS_ASSERTIONS = NO;
				GCC_C_LANGUAGE_STANDARD = gnu99;
				GCC_WARN_64_TO_32_BIT_CONVERSION = YES;
				GCC_WARN_ABOUT_RETURN_TYPE = YES_ERROR;
				GCC_WARN_UNDECLARED_SELECTOR = YES;
				GCC_WARN_UNINITIALIZED_AUTOS = YES;
				GCC_WARN_UNUSED_FUNCTION = YES;
				GCC_WARN_UNUSED_VARIABLE = YES;
				IPHONEOS_DEPLOYMENT_TARGET = 7.0;
				SDKROOT = iphoneos;
				TARGETED_DEVICE_FAMILY = "1,2";
				VALIDATE_PRODUCT = YES;
			};
			name = Release;
		};
		EFE7ED8518A6850E00568AC2 /* Debug */ = {
			isa = XCBuildConfiguration;
			buildSettings = {
				ARCHS = "$(ARCHS_STANDARD_INCLUDING_64_BIT)";
				ASSETCATALOG_COMPILER_APPICON_NAME = AppIcon;
				ASSETCATALOG_COMPILER_LAUNCHIMAGE_NAME = LaunchImage;
				FRAMEWORK_SEARCH_PATHS = (
					"$(SDKROOT)/Developer/Library/Frameworks",
					"$(DEVELOPER_LIBRARY_DIR)/Frameworks",
					"$(DEVELOPER_FRAMEWORKS_DIR)",
				);
				GCC_PRECOMPILE_PREFIX_HEADER = YES;
				GCC_PREFIX_HEADER = "Langham/Langham-Prefix.pch";
				INFOPLIST_FILE = "Langham/Langham-Info.plist";
				PRODUCT_NAME = "$(TARGET_NAME)";
				WRAPPER_EXTENSION = app;
			};
			name = Debug;
		};
		EFE7ED8618A6850E00568AC2 /* Release */ = {
			isa = XCBuildConfiguration;
			buildSettings = {
				ARCHS = "$(ARCHS_STANDARD_INCLUDING_64_BIT)";
				ASSETCATALOG_COMPILER_APPICON_NAME = AppIcon;
				ASSETCATALOG_COMPILER_LAUNCHIMAGE_NAME = LaunchImage;
				FRAMEWORK_SEARCH_PATHS = (
					"$(SDKROOT)/Developer/Library/Frameworks",
					"$(DEVELOPER_LIBRARY_DIR)/Frameworks",
					"$(DEVELOPER_FRAMEWORKS_DIR)",
				);
				GCC_PRECOMPILE_PREFIX_HEADER = YES;
				GCC_PREFIX_HEADER = "Langham/Langham-Prefix.pch";
				INFOPLIST_FILE = "Langham/Langham-Info.plist";
				PRODUCT_NAME = "$(TARGET_NAME)";
				WRAPPER_EXTENSION = app;
			};
			name = Release;
		};
		EFE7ED8818A6850E00568AC2 /* Debug */ = {
			isa = XCBuildConfiguration;
			buildSettings = {
				ARCHS = "$(ARCHS_STANDARD_INCLUDING_64_BIT)";
				BUNDLE_LOADER = "$(BUILT_PRODUCTS_DIR)/Langham.app/Langham";
				FRAMEWORK_SEARCH_PATHS = (
					"$(SDKROOT)/Developer/Library/Frameworks",
					"$(inherited)",
					"$(DEVELOPER_FRAMEWORKS_DIR)",
				);
				GCC_PRECOMPILE_PREFIX_HEADER = YES;
				GCC_PREFIX_HEADER = "Langham/Langham-Prefix.pch";
				GCC_PREPROCESSOR_DEFINITIONS = (
					"DEBUG=1",
					"$(inherited)",
				);
				INFOPLIST_FILE = "LanghamTests/LanghamTests-Info.plist";
				PRODUCT_NAME = "$(TARGET_NAME)";
				TEST_HOST = "$(BUNDLE_LOADER)";
				WRAPPER_EXTENSION = xctest;
			};
			name = Debug;
		};
		EFE7ED8918A6850E00568AC2 /* Release */ = {
			isa = XCBuildConfiguration;
			buildSettings = {
				ARCHS = "$(ARCHS_STANDARD_INCLUDING_64_BIT)";
				BUNDLE_LOADER = "$(BUILT_PRODUCTS_DIR)/Langham.app/Langham";
				FRAMEWORK_SEARCH_PATHS = (
					"$(SDKROOT)/Developer/Library/Frameworks",
					"$(inherited)",
					"$(DEVELOPER_FRAMEWORKS_DIR)",
				);
				GCC_PRECOMPILE_PREFIX_HEADER = YES;
				GCC_PREFIX_HEADER = "Langham/Langham-Prefix.pch";
				INFOPLIST_FILE = "LanghamTests/LanghamTests-Info.plist";
				PRODUCT_NAME = "$(TARGET_NAME)";
				TEST_HOST = "$(BUNDLE_LOADER)";
				WRAPPER_EXTENSION = xctest;
			};
			name = Release;
		};
/* End XCBuildConfiguration section */

/* Begin XCConfigurationList section */
		EFE7ED4718A6850D00568AC2 /* Build configuration list for PBXProject "Langham" */ = {
			isa = XCConfigurationList;
			buildConfigurations = (
				EFE7ED8218A6850E00568AC2 /* Debug */,
				EFE7ED8318A6850E00568AC2 /* Release */,
			);
			defaultConfigurationIsVisible = 0;
			defaultConfigurationName = Release;
		};
		EFE7ED8418A6850E00568AC2 /* Build configuration list for PBXNativeTarget "Langham" */ = {
			isa = XCConfigurationList;
			buildConfigurations = (
				EFE7ED8518A6850E00568AC2 /* Debug */,
				EFE7ED8618A6850E00568AC2 /* Release */,
			);
			defaultConfigurationIsVisible = 0;
			defaultConfigurationName = Release;
		};
		EFE7ED8718A6850E00568AC2 /* Build configuration list for PBXNativeTarget "LanghamTests" */ = {
			isa = XCConfigurationList;
			buildConfigurations = (
				EFE7ED8818A6850E00568AC2 /* Debug */,
				EFE7ED8918A6850E00568AC2 /* Release */,
			);
			defaultConfigurationIsVisible = 0;
			defaultConfigurationName = Release;
		};
/* End XCConfigurationList section */
	};
	rootObject = EFE7ED4418A6850D00568AC2 /* Project object */;
}
